// !$*UTF8*$!
{
	archiveVersion = 1;
	classes = {
	};
	objectVersion = 50;
	objects = {

/* Begin PBXBuildFile section */
		E20F494724EF44AE00BC6261 /* FavoritesView.swift in Sources */ = {isa = PBXBuildFile; fileRef = E20F494624EF44AE00BC6261 /* FavoritesView.swift */; };
		E247D31E24EC3C4F00C20D2A /* Character.swift in Sources */ = {isa = PBXBuildFile; fileRef = E247D31D24EC3C4F00C20D2A /* Character.swift */; };
		E247D32024EC3CD100C20D2A /* Origin.swift in Sources */ = {isa = PBXBuildFile; fileRef = E247D31F24EC3CD100C20D2A /* Origin.swift */; };
		E247D32224EC3E9900C20D2A /* Location.swift in Sources */ = {isa = PBXBuildFile; fileRef = E247D32124EC3E9900C20D2A /* Location.swift */; };
		E247D32424EC3EE000C20D2A /* Episode.swift in Sources */ = {isa = PBXBuildFile; fileRef = E247D32324EC3EE000C20D2A /* Episode.swift */; };
		E247D32624EC3FA000C20D2A /* CharacterResults.swift in Sources */ = {isa = PBXBuildFile; fileRef = E247D32524EC3FA000C20D2A /* CharacterResults.swift */; };
		E247D32D24EC40CF00C20D2A /* ParameterEncoding.swift in Sources */ = {isa = PBXBuildFile; fileRef = E247D32C24EC40CF00C20D2A /* ParameterEncoding.swift */; };
		E247D32F24EC413300C20D2A /* URLParameterEncoder.swift in Sources */ = {isa = PBXBuildFile; fileRef = E247D32E24EC413300C20D2A /* URLParameterEncoder.swift */; };
		E247D33124EC416E00C20D2A /* HTTPMethod.swift in Sources */ = {isa = PBXBuildFile; fileRef = E247D33024EC416E00C20D2A /* HTTPMethod.swift */; };
		E247D33324EC418400C20D2A /* HTTPTask.swift in Sources */ = {isa = PBXBuildFile; fileRef = E247D33224EC418400C20D2A /* HTTPTask.swift */; };
		E247D33524EC41A100C20D2A /* NetworkRouter.swift in Sources */ = {isa = PBXBuildFile; fileRef = E247D33424EC41A100C20D2A /* NetworkRouter.swift */; };
		E247D33724EC41B700C20D2A /* EndPointType.swift in Sources */ = {isa = PBXBuildFile; fileRef = E247D33624EC41B700C20D2A /* EndPointType.swift */; };
		E247D33924EC42D900C20D2A /* Router.swift in Sources */ = {isa = PBXBuildFile; fileRef = E247D33824EC42D900C20D2A /* Router.swift */; };
		E247D33B24EC447A00C20D2A /* APIEndPoints.swift in Sources */ = {isa = PBXBuildFile; fileRef = E247D33A24EC447A00C20D2A /* APIEndPoints.swift */; };
		E247D33D24EC48B700C20D2A /* NetworkManager.swift in Sources */ = {isa = PBXBuildFile; fileRef = E247D33C24EC48B700C20D2A /* NetworkManager.swift */; };
		E247D34024EC5AED00C20D2A /* ViewCode.swift in Sources */ = {isa = PBXBuildFile; fileRef = E247D33F24EC5AED00C20D2A /* ViewCode.swift */; };
		E247D34224EC5B4C00C20D2A /* CharactersView.swift in Sources */ = {isa = PBXBuildFile; fileRef = E247D34124EC5B4C00C20D2A /* CharactersView.swift */; };
		E247D34424EC62FF00C20D2A /* CharactersTableViewCell.swift in Sources */ = {isa = PBXBuildFile; fileRef = E247D34324EC62FF00C20D2A /* CharactersTableViewCell.swift */; };
		E247D34624EC75C800C20D2A /* CharactersCollectionViewCell.swift in Sources */ = {isa = PBXBuildFile; fileRef = E247D34524EC75C800C20D2A /* CharactersCollectionViewCell.swift */; };
		E247D34824ED6E4200C20D2A /* Colors.swift in Sources */ = {isa = PBXBuildFile; fileRef = E247D34724ED6E4200C20D2A /* Colors.swift */; };
		E252E7D024EF5EBB00421A23 /* PersistenceFavoritesDefaults.swift in Sources */ = {isa = PBXBuildFile; fileRef = E252E7CF24EF5EBB00421A23 /* PersistenceFavoritesDefaults.swift */; };
		E281BE6224E6CEDF00A6A23E /* AppDelegate.swift in Sources */ = {isa = PBXBuildFile; fileRef = E281BE6124E6CEDF00A6A23E /* AppDelegate.swift */; };
		E281BE6424E6CEDF00A6A23E /* SceneDelegate.swift in Sources */ = {isa = PBXBuildFile; fileRef = E281BE6324E6CEDF00A6A23E /* SceneDelegate.swift */; };
		E281BE6B24E6CEE200A6A23E /* Assets.xcassets in Resources */ = {isa = PBXBuildFile; fileRef = E281BE6A24E6CEE200A6A23E /* Assets.xcassets */; };
		E281BE6E24E6CEE200A6A23E /* LaunchScreen.storyboard in Resources */ = {isa = PBXBuildFile; fileRef = E281BE6C24E6CEE200A6A23E /* LaunchScreen.storyboard */; };
		E281BE7924E6CEE200A6A23E /* Insane_CircuitTests.swift in Sources */ = {isa = PBXBuildFile; fileRef = E281BE7824E6CEE200A6A23E /* Insane_CircuitTests.swift */; };
		E281BE8824E6D0CF00A6A23E /* DiscoverViewController.swift in Sources */ = {isa = PBXBuildFile; fileRef = E281BE8724E6D0CF00A6A23E /* DiscoverViewController.swift */; };
		E281BE8A24E6D0EA00A6A23E /* SeasonsViewController.swift in Sources */ = {isa = PBXBuildFile; fileRef = E281BE8924E6D0EA00A6A23E /* SeasonsViewController.swift */; };
		E281BE8C24E6D0F900A6A23E /* FavoritesViewController.swift in Sources */ = {isa = PBXBuildFile; fileRef = E281BE8B24E6D0F900A6A23E /* FavoritesViewController.swift */; };
		E281BE8E24E6D45500A6A23E /* MainTabBarViewController.swift in Sources */ = {isa = PBXBuildFile; fileRef = E281BE8D24E6D45500A6A23E /* MainTabBarViewController.swift */; };
		E2A6DB2824EE26A000DEAFF4 /* RequestNewPageDelegate.swift in Sources */ = {isa = PBXBuildFile; fileRef = E2A6DB2724EE26A000DEAFF4 /* RequestNewPageDelegate.swift */; };
		E2A6DB2A24EEAB3900DEAFF4 /* SelectedCharacterViewController.swift in Sources */ = {isa = PBXBuildFile; fileRef = E2A6DB2924EEAB3900DEAFF4 /* SelectedCharacterViewController.swift */; };
		E2CADBF324EEABF700527D21 /* SelectedCharacterView.swift in Sources */ = {isa = PBXBuildFile; fileRef = E2CADBF224EEABF700527D21 /* SelectedCharacterView.swift */; };
		E2CADBF524EEB47600527D21 /* EpisodesCollectionViewCell.swift in Sources */ = {isa = PBXBuildFile; fileRef = E2CADBF424EEB47600527D21 /* EpisodesCollectionViewCell.swift */; };
/* End PBXBuildFile section */

/* Begin PBXContainerItemProxy section */
		E281BE7524E6CEE200A6A23E /* PBXContainerItemProxy */ = {
			isa = PBXContainerItemProxy;
			containerPortal = E281BE5624E6CEDF00A6A23E /* Project object */;
			proxyType = 1;
			remoteGlobalIDString = E281BE5D24E6CEDF00A6A23E;
			remoteInfo = "Insane Circuit";
		};
/* End PBXContainerItemProxy section */

/* Begin PBXFileReference section */
		E20F494624EF44AE00BC6261 /* FavoritesView.swift */ = {isa = PBXFileReference; lastKnownFileType = sourcecode.swift; path = FavoritesView.swift; sourceTree = "<group>"; };
		E247D31D24EC3C4F00C20D2A /* Character.swift */ = {isa = PBXFileReference; lastKnownFileType = sourcecode.swift; path = Character.swift; sourceTree = "<group>"; };
		E247D31F24EC3CD100C20D2A /* Origin.swift */ = {isa = PBXFileReference; lastKnownFileType = sourcecode.swift; path = Origin.swift; sourceTree = "<group>"; };
		E247D32124EC3E9900C20D2A /* Location.swift */ = {isa = PBXFileReference; lastKnownFileType = sourcecode.swift; path = Location.swift; sourceTree = "<group>"; };
		E247D32324EC3EE000C20D2A /* Episode.swift */ = {isa = PBXFileReference; lastKnownFileType = sourcecode.swift; path = Episode.swift; sourceTree = "<group>"; };
		E247D32524EC3FA000C20D2A /* CharacterResults.swift */ = {isa = PBXFileReference; lastKnownFileType = sourcecode.swift; path = CharacterResults.swift; sourceTree = "<group>"; };
		E247D32C24EC40CF00C20D2A /* ParameterEncoding.swift */ = {isa = PBXFileReference; lastKnownFileType = sourcecode.swift; path = ParameterEncoding.swift; sourceTree = "<group>"; };
		E247D32E24EC413300C20D2A /* URLParameterEncoder.swift */ = {isa = PBXFileReference; lastKnownFileType = sourcecode.swift; path = URLParameterEncoder.swift; sourceTree = "<group>"; };
		E247D33024EC416E00C20D2A /* HTTPMethod.swift */ = {isa = PBXFileReference; lastKnownFileType = sourcecode.swift; path = HTTPMethod.swift; sourceTree = "<group>"; };
		E247D33224EC418400C20D2A /* HTTPTask.swift */ = {isa = PBXFileReference; lastKnownFileType = sourcecode.swift; path = HTTPTask.swift; sourceTree = "<group>"; };
		E247D33424EC41A100C20D2A /* NetworkRouter.swift */ = {isa = PBXFileReference; lastKnownFileType = sourcecode.swift; path = NetworkRouter.swift; sourceTree = "<group>"; };
		E247D33624EC41B700C20D2A /* EndPointType.swift */ = {isa = PBXFileReference; lastKnownFileType = sourcecode.swift; path = EndPointType.swift; sourceTree = "<group>"; };
		E247D33824EC42D900C20D2A /* Router.swift */ = {isa = PBXFileReference; lastKnownFileType = sourcecode.swift; path = Router.swift; sourceTree = "<group>"; };
		E247D33A24EC447A00C20D2A /* APIEndPoints.swift */ = {isa = PBXFileReference; lastKnownFileType = sourcecode.swift; path = APIEndPoints.swift; sourceTree = "<group>"; };
		E247D33C24EC48B700C20D2A /* NetworkManager.swift */ = {isa = PBXFileReference; lastKnownFileType = sourcecode.swift; path = NetworkManager.swift; sourceTree = "<group>"; };
		E247D33F24EC5AED00C20D2A /* ViewCode.swift */ = {isa = PBXFileReference; lastKnownFileType = sourcecode.swift; path = ViewCode.swift; sourceTree = "<group>"; };
		E247D34124EC5B4C00C20D2A /* CharactersView.swift */ = {isa = PBXFileReference; lastKnownFileType = sourcecode.swift; path = CharactersView.swift; sourceTree = "<group>"; };
		E247D34324EC62FF00C20D2A /* CharactersTableViewCell.swift */ = {isa = PBXFileReference; lastKnownFileType = sourcecode.swift; path = CharactersTableViewCell.swift; sourceTree = "<group>"; };
		E247D34524EC75C800C20D2A /* CharactersCollectionViewCell.swift */ = {isa = PBXFileReference; lastKnownFileType = sourcecode.swift; path = CharactersCollectionViewCell.swift; sourceTree = "<group>"; };
		E247D34724ED6E4200C20D2A /* Colors.swift */ = {isa = PBXFileReference; lastKnownFileType = sourcecode.swift; path = Colors.swift; sourceTree = "<group>"; };
		E252E7CF24EF5EBB00421A23 /* PersistenceFavoritesDefaults.swift */ = {isa = PBXFileReference; lastKnownFileType = sourcecode.swift; path = PersistenceFavoritesDefaults.swift; sourceTree = "<group>"; };
		E281BE5E24E6CEDF00A6A23E /* Insane Circuit.app */ = {isa = PBXFileReference; explicitFileType = wrapper.application; includeInIndex = 0; path = "Insane Circuit.app"; sourceTree = BUILT_PRODUCTS_DIR; };
		E281BE6124E6CEDF00A6A23E /* AppDelegate.swift */ = {isa = PBXFileReference; lastKnownFileType = sourcecode.swift; path = AppDelegate.swift; sourceTree = "<group>"; };
		E281BE6324E6CEDF00A6A23E /* SceneDelegate.swift */ = {isa = PBXFileReference; lastKnownFileType = sourcecode.swift; path = SceneDelegate.swift; sourceTree = "<group>"; };
		E281BE6A24E6CEE200A6A23E /* Assets.xcassets */ = {isa = PBXFileReference; lastKnownFileType = folder.assetcatalog; path = Assets.xcassets; sourceTree = "<group>"; };
		E281BE6D24E6CEE200A6A23E /* Base */ = {isa = PBXFileReference; lastKnownFileType = file.storyboard; name = Base; path = Base.lproj/LaunchScreen.storyboard; sourceTree = "<group>"; };
		E281BE6F24E6CEE200A6A23E /* Info.plist */ = {isa = PBXFileReference; lastKnownFileType = text.plist.xml; path = Info.plist; sourceTree = "<group>"; };
		E281BE7424E6CEE200A6A23E /* Insane CircuitTests.xctest */ = {isa = PBXFileReference; explicitFileType = wrapper.cfbundle; includeInIndex = 0; path = "Insane CircuitTests.xctest"; sourceTree = BUILT_PRODUCTS_DIR; };
		E281BE7824E6CEE200A6A23E /* Insane_CircuitTests.swift */ = {isa = PBXFileReference; lastKnownFileType = sourcecode.swift; path = Insane_CircuitTests.swift; sourceTree = "<group>"; };
		E281BE7A24E6CEE200A6A23E /* Info.plist */ = {isa = PBXFileReference; lastKnownFileType = text.plist.xml; path = Info.plist; sourceTree = "<group>"; };
		E281BE8724E6D0CF00A6A23E /* DiscoverViewController.swift */ = {isa = PBXFileReference; lastKnownFileType = sourcecode.swift; path = DiscoverViewController.swift; sourceTree = "<group>"; };
		E281BE8924E6D0EA00A6A23E /* SeasonsViewController.swift */ = {isa = PBXFileReference; lastKnownFileType = sourcecode.swift; path = SeasonsViewController.swift; sourceTree = "<group>"; };
		E281BE8B24E6D0F900A6A23E /* FavoritesViewController.swift */ = {isa = PBXFileReference; lastKnownFileType = sourcecode.swift; path = FavoritesViewController.swift; sourceTree = "<group>"; };
		E281BE8D24E6D45500A6A23E /* MainTabBarViewController.swift */ = {isa = PBXFileReference; lastKnownFileType = sourcecode.swift; path = MainTabBarViewController.swift; sourceTree = "<group>"; };
		E2A6DB2724EE26A000DEAFF4 /* RequestNewPageDelegate.swift */ = {isa = PBXFileReference; lastKnownFileType = sourcecode.swift; path = RequestNewPageDelegate.swift; sourceTree = "<group>"; };
		E2A6DB2924EEAB3900DEAFF4 /* SelectedCharacterViewController.swift */ = {isa = PBXFileReference; lastKnownFileType = sourcecode.swift; path = SelectedCharacterViewController.swift; sourceTree = "<group>"; };
		E2CADBF224EEABF700527D21 /* SelectedCharacterView.swift */ = {isa = PBXFileReference; lastKnownFileType = sourcecode.swift; path = SelectedCharacterView.swift; sourceTree = "<group>"; };
		E2CADBF424EEB47600527D21 /* EpisodesCollectionViewCell.swift */ = {isa = PBXFileReference; lastKnownFileType = sourcecode.swift; path = EpisodesCollectionViewCell.swift; sourceTree = "<group>"; };
/* End PBXFileReference section */

/* Begin PBXFrameworksBuildPhase section */
		E281BE5B24E6CEDF00A6A23E /* Frameworks */ = {
			isa = PBXFrameworksBuildPhase;
			buildActionMask = 2147483647;
			files = (
			);
			runOnlyForDeploymentPostprocessing = 0;
		};
		E281BE7124E6CEE200A6A23E /* Frameworks */ = {
			isa = PBXFrameworksBuildPhase;
			buildActionMask = 2147483647;
			files = (
			);
			runOnlyForDeploymentPostprocessing = 0;
		};
/* End PBXFrameworksBuildPhase section */

/* Begin PBXGroup section */
		E20F494524EF447000BC6261 /* Favorites */ = {
			isa = PBXGroup;
			children = (
				E20F494624EF44AE00BC6261 /* FavoritesView.swift */,
			);
			path = Favorites;
			sourceTree = "<group>";
		};
		E247D31C24EC3C4000C20D2A /* Model */ = {
			isa = PBXGroup;
			children = (
				E247D32524EC3FA000C20D2A /* CharacterResults.swift */,
				E247D31D24EC3C4F00C20D2A /* Character.swift */,
				E247D31F24EC3CD100C20D2A /* Origin.swift */,
				E247D32124EC3E9900C20D2A /* Location.swift */,
				E247D32324EC3EE000C20D2A /* Episode.swift */,
			);
			path = Model;
			sourceTree = "<group>";
		};
		E247D32724EC3FC600C20D2A /* Networking */ = {
			isa = PBXGroup;
			children = (
				E247D32824EC407A00C20D2A /* Encoding */,
				E247D32924EC408200C20D2A /* Manager */,
				E247D32A24EC408E00C20D2A /* EndPoint */,
				E247D32B24EC409600C20D2A /* Service */,
			);
			path = Networking;
			sourceTree = "<group>";
		};
		E247D32824EC407A00C20D2A /* Encoding */ = {
			isa = PBXGroup;
			children = (
				E247D32C24EC40CF00C20D2A /* ParameterEncoding.swift */,
				E247D32E24EC413300C20D2A /* URLParameterEncoder.swift */,
			);
			path = Encoding;
			sourceTree = "<group>";
		};
		E247D32924EC408200C20D2A /* Manager */ = {
			isa = PBXGroup;
			children = (
				E247D33C24EC48B700C20D2A /* NetworkManager.swift */,
			);
			path = Manager;
			sourceTree = "<group>";
		};
		E247D32A24EC408E00C20D2A /* EndPoint */ = {
			isa = PBXGroup;
			children = (
				E247D33A24EC447A00C20D2A /* APIEndPoints.swift */,
			);
			path = EndPoint;
			sourceTree = "<group>";
		};
		E247D32B24EC409600C20D2A /* Service */ = {
			isa = PBXGroup;
			children = (
				E247D33024EC416E00C20D2A /* HTTPMethod.swift */,
				E247D33224EC418400C20D2A /* HTTPTask.swift */,
				E247D33424EC41A100C20D2A /* NetworkRouter.swift */,
				E247D33624EC41B700C20D2A /* EndPointType.swift */,
				E247D33824EC42D900C20D2A /* Router.swift */,
			);
			path = Service;
			sourceTree = "<group>";
		};
		E247D33E24EC5AC900C20D2A /* Utils */ = {
			isa = PBXGroup;
			children = (
				E247D33F24EC5AED00C20D2A /* ViewCode.swift */,
				E2A6DB2724EE26A000DEAFF4 /* RequestNewPageDelegate.swift */,
				E247D34724ED6E4200C20D2A /* Colors.swift */,
			);
			path = Utils;
			sourceTree = "<group>";
		};
		E252E7CE24EF5E8100421A23 /* UserDefaults */ = {
			isa = PBXGroup;
			children = (
				E252E7CF24EF5EBB00421A23 /* PersistenceFavoritesDefaults.swift */,
			);
			path = UserDefaults;
			sourceTree = "<group>";
		};
		E2685A0F24EDC95600C74D4C /* Discover */ = {
			isa = PBXGroup;
			children = (
				E247D34124EC5B4C00C20D2A /* CharactersView.swift */,
				E247D34324EC62FF00C20D2A /* CharactersTableViewCell.swift */,
				E247D34524EC75C800C20D2A /* CharactersCollectionViewCell.swift */,
			);
			path = Discover;
			sourceTree = "<group>";
		};
		E281BE5524E6CEDF00A6A23E = {
			isa = PBXGroup;
			children = (
				E281BE6024E6CEDF00A6A23E /* Insane Circuit */,
				E281BE7724E6CEE200A6A23E /* Insane CircuitTests */,
				E281BE5F24E6CEDF00A6A23E /* Products */,
			);
			sourceTree = "<group>";
		};
		E281BE5F24E6CEDF00A6A23E /* Products */ = {
			isa = PBXGroup;
			children = (
				E281BE5E24E6CEDF00A6A23E /* Insane Circuit.app */,
				E281BE7424E6CEE200A6A23E /* Insane CircuitTests.xctest */,
			);
			name = Products;
			sourceTree = "<group>";
		};
		E281BE6024E6CEDF00A6A23E /* Insane Circuit */ = {
			isa = PBXGroup;
			children = (
				E252E7CE24EF5E8100421A23 /* UserDefaults */,
				E247D33E24EC5AC900C20D2A /* Utils */,
				E247D32724EC3FC600C20D2A /* Networking */,
				E247D31C24EC3C4000C20D2A /* Model */,
				E281BE8424E6D04000A6A23E /* View */,
				E281BE8324E6D02A00A6A23E /* Controller */,
				E281BE6124E6CEDF00A6A23E /* AppDelegate.swift */,
				E281BE6324E6CEDF00A6A23E /* SceneDelegate.swift */,
				E281BE6A24E6CEE200A6A23E /* Assets.xcassets */,
				E281BE6C24E6CEE200A6A23E /* LaunchScreen.storyboard */,
				E281BE6F24E6CEE200A6A23E /* Info.plist */,
			);
			path = "Insane Circuit";
			sourceTree = "<group>";
		};
		E281BE7724E6CEE200A6A23E /* Insane CircuitTests */ = {
			isa = PBXGroup;
			children = (
				E281BE7824E6CEE200A6A23E /* Insane_CircuitTests.swift */,
				E281BE7A24E6CEE200A6A23E /* Info.plist */,
			);
			path = "Insane CircuitTests";
			sourceTree = "<group>";
		};
		E281BE8324E6D02A00A6A23E /* Controller */ = {
			isa = PBXGroup;
			children = (
				E2A6DB2C24EEAB8000DEAFF4 /* TabBarControllers */,
				E281BE8D24E6D45500A6A23E /* MainTabBarViewController.swift */,
				E2A6DB2924EEAB3900DEAFF4 /* SelectedCharacterViewController.swift */,
			);
			path = Controller;
			sourceTree = "<group>";
		};
		E281BE8424E6D04000A6A23E /* View */ = {
			isa = PBXGroup;
			children = (
				E2685A0F24EDC95600C74D4C /* Discover */,
				E2A6DB2B24EEAB4800DEAFF4 /* SelectedCharacter */,
				E20F494524EF447000BC6261 /* Favorites */,
			);
			path = View;
			sourceTree = "<group>";
		};
		E2A6DB2B24EEAB4800DEAFF4 /* SelectedCharacter */ = {
			isa = PBXGroup;
			children = (
				E2CADBF224EEABF700527D21 /* SelectedCharacterView.swift */,
				E2CADBF424EEB47600527D21 /* EpisodesCollectionViewCell.swift */,
			);
			path = SelectedCharacter;
			sourceTree = "<group>";
		};
		E2A6DB2C24EEAB8000DEAFF4 /* TabBarControllers */ = {
			isa = PBXGroup;
			children = (
				E281BE8724E6D0CF00A6A23E /* DiscoverViewController.swift */,
				E281BE8924E6D0EA00A6A23E /* SeasonsViewController.swift */,
				E281BE8B24E6D0F900A6A23E /* FavoritesViewController.swift */,
			);
			path = TabBarControllers;
			sourceTree = "<group>";
		};
/* End PBXGroup section */

/* Begin PBXNativeTarget section */
		E281BE5D24E6CEDF00A6A23E /* Insane Circuit */ = {
			isa = PBXNativeTarget;
			buildConfigurationList = E281BE7D24E6CEE200A6A23E /* Build configuration list for PBXNativeTarget "Insane Circuit" */;
			buildPhases = (
				E281BE5A24E6CEDF00A6A23E /* Sources */,
				E281BE5B24E6CEDF00A6A23E /* Frameworks */,
				E281BE5C24E6CEDF00A6A23E /* Resources */,
				E281BE9024E6DCB500A6A23E /* ShellScript */,
			);
			buildRules = (
			);
			dependencies = (
			);
			name = "Insane Circuit";
			productName = "Insane Circuit";
			productReference = E281BE5E24E6CEDF00A6A23E /* Insane Circuit.app */;
			productType = "com.apple.product-type.application";
		};
		E281BE7324E6CEE200A6A23E /* Insane CircuitTests */ = {
			isa = PBXNativeTarget;
			buildConfigurationList = E281BE8024E6CEE200A6A23E /* Build configuration list for PBXNativeTarget "Insane CircuitTests" */;
			buildPhases = (
				E281BE7024E6CEE200A6A23E /* Sources */,
				E281BE7124E6CEE200A6A23E /* Frameworks */,
				E281BE7224E6CEE200A6A23E /* Resources */,
			);
			buildRules = (
			);
			dependencies = (
				E281BE7624E6CEE200A6A23E /* PBXTargetDependency */,
			);
			name = "Insane CircuitTests";
			productName = "Insane CircuitTests";
			productReference = E281BE7424E6CEE200A6A23E /* Insane CircuitTests.xctest */;
			productType = "com.apple.product-type.bundle.unit-test";
		};
/* End PBXNativeTarget section */

/* Begin PBXProject section */
		E281BE5624E6CEDF00A6A23E /* Project object */ = {
			isa = PBXProject;
			attributes = {
				LastSwiftUpdateCheck = 1160;
				LastUpgradeCheck = 1160;
				ORGANIZATIONNAME = "Anderson Alencar";
				TargetAttributes = {
					E281BE5D24E6CEDF00A6A23E = {
						CreatedOnToolsVersion = 11.6;
					};
					E281BE7324E6CEE200A6A23E = {
						CreatedOnToolsVersion = 11.6;
						TestTargetID = E281BE5D24E6CEDF00A6A23E;
					};
				};
			};
			buildConfigurationList = E281BE5924E6CEDF00A6A23E /* Build configuration list for PBXProject "Insane Circuit" */;
			compatibilityVersion = "Xcode 9.3";
			developmentRegion = en;
			hasScannedForEncodings = 0;
			knownRegions = (
				en,
				Base,
			);
			mainGroup = E281BE5524E6CEDF00A6A23E;
			productRefGroup = E281BE5F24E6CEDF00A6A23E /* Products */;
			projectDirPath = "";
			projectRoot = "";
			targets = (
				E281BE5D24E6CEDF00A6A23E /* Insane Circuit */,
				E281BE7324E6CEE200A6A23E /* Insane CircuitTests */,
			);
		};
/* End PBXProject section */

/* Begin PBXResourcesBuildPhase section */
		E281BE5C24E6CEDF00A6A23E /* Resources */ = {
			isa = PBXResourcesBuildPhase;
			buildActionMask = 2147483647;
			files = (
				E281BE6E24E6CEE200A6A23E /* LaunchScreen.storyboard in Resources */,
				E281BE6B24E6CEE200A6A23E /* Assets.xcassets in Resources */,
			);
			runOnlyForDeploymentPostprocessing = 0;
		};
		E281BE7224E6CEE200A6A23E /* Resources */ = {
			isa = PBXResourcesBuildPhase;
			buildActionMask = 2147483647;
			files = (
			);
			runOnlyForDeploymentPostprocessing = 0;
		};
/* End PBXResourcesBuildPhase section */

/* Begin PBXShellScriptBuildPhase section */
		E281BE9024E6DCB500A6A23E /* ShellScript */ = {
			isa = PBXShellScriptBuildPhase;
			buildActionMask = 2147483647;
			files = (
			);
			inputFileListPaths = (
			);
			inputPaths = (
			);
			outputFileListPaths = (
			);
			outputPaths = (
			);
			runOnlyForDeploymentPostprocessing = 0;
			shellPath = /bin/sh;
			shellScript = "# Type a script or drag a script file from your workspace to insert its path.\nif which swiftlint >/dev/null; then\nswiftlint\nelse\necho \"warning: Swiftlint not installed, download from https://github.com/realm/SwiftLint\"\nfi\n";
		};
/* End PBXShellScriptBuildPhase section */

/* Begin PBXSourcesBuildPhase section */
		E281BE5A24E6CEDF00A6A23E /* Sources */ = {
			isa = PBXSourcesBuildPhase;
			buildActionMask = 2147483647;
			files = (
				E281BE8E24E6D45500A6A23E /* MainTabBarViewController.swift in Sources */,
				E281BE8C24E6D0F900A6A23E /* FavoritesViewController.swift in Sources */,
				E247D33124EC416E00C20D2A /* HTTPMethod.swift in Sources */,
				E281BE6224E6CEDF00A6A23E /* AppDelegate.swift in Sources */,
				E247D34624EC75C800C20D2A /* CharactersCollectionViewCell.swift in Sources */,
				E247D33B24EC447A00C20D2A /* APIEndPoints.swift in Sources */,
				E247D34824ED6E4200C20D2A /* Colors.swift in Sources */,
				E247D33924EC42D900C20D2A /* Router.swift in Sources */,
				E252E7D024EF5EBB00421A23 /* PersistenceFavoritesDefaults.swift in Sources */,
				E247D34224EC5B4C00C20D2A /* CharactersView.swift in Sources */,
				E247D32424EC3EE000C20D2A /* Episode.swift in Sources */,
				E281BE6424E6CEDF00A6A23E /* SceneDelegate.swift in Sources */,
				E247D33324EC418400C20D2A /* HTTPTask.swift in Sources */,
				E247D32224EC3E9900C20D2A /* Location.swift in Sources */,
				E247D32D24EC40CF00C20D2A /* ParameterEncoding.swift in Sources */,
				E247D33524EC41A100C20D2A /* NetworkRouter.swift in Sources */,
				E247D33D24EC48B700C20D2A /* NetworkManager.swift in Sources */,
				E247D32624EC3FA000C20D2A /* CharacterResults.swift in Sources */,
				E247D32F24EC413300C20D2A /* URLParameterEncoder.swift in Sources */,
				E247D32024EC3CD100C20D2A /* Origin.swift in Sources */,
				E247D33724EC41B700C20D2A /* EndPointType.swift in Sources */,
				E20F494724EF44AE00BC6261 /* FavoritesView.swift in Sources */,
				E247D34024EC5AED00C20D2A /* ViewCode.swift in Sources */,
				E2CADBF524EEB47600527D21 /* EpisodesCollectionViewCell.swift in Sources */,
				E247D34424EC62FF00C20D2A /* CharactersTableViewCell.swift in Sources */,
				E2A6DB2824EE26A000DEAFF4 /* RequestNewPageDelegate.swift in Sources */,
				E2A6DB2A24EEAB3900DEAFF4 /* SelectedCharacterViewController.swift in Sources */,
				E281BE8824E6D0CF00A6A23E /* DiscoverViewController.swift in Sources */,
				E281BE8A24E6D0EA00A6A23E /* SeasonsViewController.swift in Sources */,
				E247D31E24EC3C4F00C20D2A /* Character.swift in Sources */,
				E2CADBF324EEABF700527D21 /* SelectedCharacterView.swift in Sources */,
			);
			runOnlyForDeploymentPostprocessing = 0;
		};
		E281BE7024E6CEE200A6A23E /* Sources */ = {
			isa = PBXSourcesBuildPhase;
			buildActionMask = 2147483647;
			files = (
				E281BE7924E6CEE200A6A23E /* Insane_CircuitTests.swift in Sources */,
			);
			runOnlyForDeploymentPostprocessing = 0;
		};
/* End PBXSourcesBuildPhase section */

/* Begin PBXTargetDependency section */
		E281BE7624E6CEE200A6A23E /* PBXTargetDependency */ = {
			isa = PBXTargetDependency;
			target = E281BE5D24E6CEDF00A6A23E /* Insane Circuit */;
			targetProxy = E281BE7524E6CEE200A6A23E /* PBXContainerItemProxy */;
		};
/* End PBXTargetDependency section */

/* Begin PBXVariantGroup section */
		E281BE6C24E6CEE200A6A23E /* LaunchScreen.storyboard */ = {
			isa = PBXVariantGroup;
			children = (
				E281BE6D24E6CEE200A6A23E /* Base */,
			);
			name = LaunchScreen.storyboard;
			sourceTree = "<group>";
		};
/* End PBXVariantGroup section */

/* Begin XCBuildConfiguration section */
		E281BE7B24E6CEE200A6A23E /* Debug */ = {
			isa = XCBuildConfiguration;
			buildSettings = {
				ALWAYS_SEARCH_USER_PATHS = NO;
				CLANG_ANALYZER_NONNULL = YES;
				CLANG_ANALYZER_NUMBER_OBJECT_CONVERSION = YES_AGGRESSIVE;
				CLANG_CXX_LANGUAGE_STANDARD = "gnu++14";
				CLANG_CXX_LIBRARY = "libc++";
				CLANG_ENABLE_MODULES = YES;
				CLANG_ENABLE_OBJC_ARC = YES;
				CLANG_ENABLE_OBJC_WEAK = YES;
				CLANG_WARN_BLOCK_CAPTURE_AUTORELEASING = YES;
				CLANG_WARN_BOOL_CONVERSION = YES;
				CLANG_WARN_COMMA = YES;
				CLANG_WARN_CONSTANT_CONVERSION = YES;
				CLANG_WARN_DEPRECATED_OBJC_IMPLEMENTATIONS = YES;
				CLANG_WARN_DIRECT_OBJC_ISA_USAGE = YES_ERROR;
				CLANG_WARN_DOCUMENTATION_COMMENTS = YES;
				CLANG_WARN_EMPTY_BODY = YES;
				CLANG_WARN_ENUM_CONVERSION = YES;
				CLANG_WARN_INFINITE_RECURSION = YES;
				CLANG_WARN_INT_CONVERSION = YES;
				CLANG_WARN_NON_LITERAL_NULL_CONVERSION = YES;
				CLANG_WARN_OBJC_IMPLICIT_RETAIN_SELF = YES;
				CLANG_WARN_OBJC_LITERAL_CONVERSION = YES;
				CLANG_WARN_OBJC_ROOT_CLASS = YES_ERROR;
				CLANG_WARN_RANGE_LOOP_ANALYSIS = YES;
				CLANG_WARN_STRICT_PROTOTYPES = YES;
				CLANG_WARN_SUSPICIOUS_MOVE = YES;
				CLANG_WARN_UNGUARDED_AVAILABILITY = YES_AGGRESSIVE;
				CLANG_WARN_UNREACHABLE_CODE = YES;
				CLANG_WARN__DUPLICATE_METHOD_MATCH = YES;
				COPY_PHASE_STRIP = NO;
				DEBUG_INFORMATION_FORMAT = dwarf;
				ENABLE_STRICT_OBJC_MSGSEND = YES;
				ENABLE_TESTABILITY = YES;
				GCC_C_LANGUAGE_STANDARD = gnu11;
				GCC_DYNAMIC_NO_PIC = NO;
				GCC_NO_COMMON_BLOCKS = YES;
				GCC_OPTIMIZATION_LEVEL = 0;
				GCC_PREPROCESSOR_DEFINITIONS = (
					"DEBUG=1",
					"$(inherited)",
				);
				GCC_WARN_64_TO_32_BIT_CONVERSION = YES;
				GCC_WARN_ABOUT_RETURN_TYPE = YES_ERROR;
				GCC_WARN_UNDECLARED_SELECTOR = YES;
				GCC_WARN_UNINITIALIZED_AUTOS = YES_AGGRESSIVE;
				GCC_WARN_UNUSED_FUNCTION = YES;
				GCC_WARN_UNUSED_VARIABLE = YES;
				IPHONEOS_DEPLOYMENT_TARGET = 13.6;
				MTL_ENABLE_DEBUG_INFO = INCLUDE_SOURCE;
				MTL_FAST_MATH = YES;
				ONLY_ACTIVE_ARCH = YES;
				SDKROOT = iphoneos;
				SWIFT_ACTIVE_COMPILATION_CONDITIONS = DEBUG;
				SWIFT_OPTIMIZATION_LEVEL = "-Onone";
			};
			name = Debug;
		};
		E281BE7C24E6CEE200A6A23E /* Release */ = {
			isa = XCBuildConfiguration;
			buildSettings = {
				ALWAYS_SEARCH_USER_PATHS = NO;
				CLANG_ANALYZER_NONNULL = YES;
				CLANG_ANALYZER_NUMBER_OBJECT_CONVERSION = YES_AGGRESSIVE;
				CLANG_CXX_LANGUAGE_STANDARD = "gnu++14";
				CLANG_CXX_LIBRARY = "libc++";
				CLANG_ENABLE_MODULES = YES;
				CLANG_ENABLE_OBJC_ARC = YES;
				CLANG_ENABLE_OBJC_WEAK = YES;
				CLANG_WARN_BLOCK_CAPTURE_AUTORELEASING = YES;
				CLANG_WARN_BOOL_CONVERSION = YES;
				CLANG_WARN_COMMA = YES;
				CLANG_WARN_CONSTANT_CONVERSION = YES;
				CLANG_WARN_DEPRECATED_OBJC_IMPLEMENTATIONS = YES;
				CLANG_WARN_DIRECT_OBJC_ISA_USAGE = YES_ERROR;
				CLANG_WARN_DOCUMENTATION_COMMENTS = YES;
				CLANG_WARN_EMPTY_BODY = YES;
				CLANG_WARN_ENUM_CONVERSION = YES;
				CLANG_WARN_INFINITE_RECURSION = YES;
				CLANG_WARN_INT_CONVERSION = YES;
				CLANG_WARN_NON_LITERAL_NULL_CONVERSION = YES;
				CLANG_WARN_OBJC_IMPLICIT_RETAIN_SELF = YES;
				CLANG_WARN_OBJC_LITERAL_CONVERSION = YES;
				CLANG_WARN_OBJC_ROOT_CLASS = YES_ERROR;
				CLANG_WARN_RANGE_LOOP_ANALYSIS = YES;
				CLANG_WARN_STRICT_PROTOTYPES = YES;
				CLANG_WARN_SUSPICIOUS_MOVE = YES;
				CLANG_WARN_UNGUARDED_AVAILABILITY = YES_AGGRESSIVE;
				CLANG_WARN_UNREACHABLE_CODE = YES;
				CLANG_WARN__DUPLICATE_METHOD_MATCH = YES;
				COPY_PHASE_STRIP = NO;
				DEBUG_INFORMATION_FORMAT = "dwarf-with-dsym";
				ENABLE_NS_ASSERTIONS = NO;
				ENABLE_STRICT_OBJC_MSGSEND = YES;
				GCC_C_LANGUAGE_STANDARD = gnu11;
				GCC_NO_COMMON_BLOCKS = YES;
				GCC_WARN_64_TO_32_BIT_CONVERSION = YES;
				GCC_WARN_ABOUT_RETURN_TYPE = YES_ERROR;
				GCC_WARN_UNDECLARED_SELECTOR = YES;
				GCC_WARN_UNINITIALIZED_AUTOS = YES_AGGRESSIVE;
				GCC_WARN_UNUSED_FUNCTION = YES;
				GCC_WARN_UNUSED_VARIABLE = YES;
				IPHONEOS_DEPLOYMENT_TARGET = 13.6;
				MTL_ENABLE_DEBUG_INFO = NO;
				MTL_FAST_MATH = YES;
				SDKROOT = iphoneos;
				SWIFT_COMPILATION_MODE = wholemodule;
				SWIFT_OPTIMIZATION_LEVEL = "-O";
				VALIDATE_PRODUCT = YES;
			};
			name = Release;
		};
		E281BE7E24E6CEE200A6A23E /* Debug */ = {
			isa = XCBuildConfiguration;
			buildSettings = {
				ASSETCATALOG_COMPILER_APPICON_NAME = AppIcon;
				CODE_SIGN_STYLE = Automatic;
				DEVELOPMENT_TEAM = 3XAHB7RJJD;
				INFOPLIST_FILE = "Insane Circuit/Info.plist";
				LD_RUNPATH_SEARCH_PATHS = (
					"$(inherited)",
					"@executable_path/Frameworks",
				);
				PRODUCT_BUNDLE_IDENTIFIER = "com.andersonalencar.Insane-Circuit";
				PRODUCT_NAME = "$(TARGET_NAME)";
				SWIFT_VERSION = 5.0;
				TARGETED_DEVICE_FAMILY = "1,2";
			};
			name = Debug;
		};
		E281BE7F24E6CEE200A6A23E /* Release */ = {
			isa = XCBuildConfiguration;
			buildSettings = {
				ASSETCATALOG_COMPILER_APPICON_NAME = AppIcon;
				CODE_SIGN_STYLE = Automatic;
				DEVELOPMENT_TEAM = 3XAHB7RJJD;
				INFOPLIST_FILE = "Insane Circuit/Info.plist";
				LD_RUNPATH_SEARCH_PATHS = (
					"$(inherited)",
					"@executable_path/Frameworks",
				);
				PRODUCT_BUNDLE_IDENTIFIER = "com.andersonalencar.Insane-Circuit";
				PRODUCT_NAME = "$(TARGET_NAME)";
				SWIFT_VERSION = 5.0;
				TARGETED_DEVICE_FAMILY = "1,2";
			};
			name = Release;
		};
		E281BE8124E6CEE200A6A23E /* Debug */ = {
			isa = XCBuildConfiguration;
			buildSettings = {
				ALWAYS_EMBED_SWIFT_STANDARD_LIBRARIES = YES;
				BUNDLE_LOADER = "$(TEST_HOST)";
				CODE_SIGN_STYLE = Automatic;
				DEVELOPMENT_TEAM = 3XAHB7RJJD;
				INFOPLIST_FILE = "Insane CircuitTests/Info.plist";
				IPHONEOS_DEPLOYMENT_TARGET = 13.6;
				LD_RUNPATH_SEARCH_PATHS = (
					"$(inherited)",
					"@executable_path/Frameworks",
					"@loader_path/Frameworks",
				);
				PRODUCT_BUNDLE_IDENTIFIER = "com.andersonalencar.Insane-CircuitTests";
				PRODUCT_NAME = "$(TARGET_NAME)";
				SWIFT_VERSION = 5.0;
				TARGETED_DEVICE_FAMILY = "1,2";
				TEST_HOST = "$(BUILT_PRODUCTS_DIR)/Insane Circuit.app/Insane Circuit";
			};
			name = Debug;
		};
		E281BE8224E6CEE200A6A23E /* Release */ = {
			isa = XCBuildConfiguration;
			buildSettings = {
				ALWAYS_EMBED_SWIFT_STANDARD_LIBRARIES = YES;
				BUNDLE_LOADER = "$(TEST_HOST)";
				CODE_SIGN_STYLE = Automatic;
				DEVELOPMENT_TEAM = 3XAHB7RJJD;
				INFOPLIST_FILE = "Insane CircuitTests/Info.plist";
				IPHONEOS_DEPLOYMENT_TARGET = 13.6;
				LD_RUNPATH_SEARCH_PATHS = (
					"$(inherited)",
					"@executable_path/Frameworks",
					"@loader_path/Frameworks",
				);
				PRODUCT_BUNDLE_IDENTIFIER = "com.andersonalencar.Insane-CircuitTests";
				PRODUCT_NAME = "$(TARGET_NAME)";
				SWIFT_VERSION = 5.0;
				TARGETED_DEVICE_FAMILY = "1,2";
				TEST_HOST = "$(BUILT_PRODUCTS_DIR)/Insane Circuit.app/Insane Circuit";
			};
			name = Release;
		};
/* End XCBuildConfiguration section */

/* Begin XCConfigurationList section */
		E281BE5924E6CEDF00A6A23E /* Build configuration list for PBXProject "Insane Circuit" */ = {
			isa = XCConfigurationList;
			buildConfigurations = (
				E281BE7B24E6CEE200A6A23E /* Debug */,
				E281BE7C24E6CEE200A6A23E /* Release */,
			);
			defaultConfigurationIsVisible = 0;
			defaultConfigurationName = Release;
		};
		E281BE7D24E6CEE200A6A23E /* Build configuration list for PBXNativeTarget "Insane Circuit" */ = {
			isa = XCConfigurationList;
			buildConfigurations = (
				E281BE7E24E6CEE200A6A23E /* Debug */,
				E281BE7F24E6CEE200A6A23E /* Release */,
			);
			defaultConfigurationIsVisible = 0;
			defaultConfigurationName = Release;
		};
		E281BE8024E6CEE200A6A23E /* Build configuration list for PBXNativeTarget "Insane CircuitTests" */ = {
			isa = XCConfigurationList;
			buildConfigurations = (
				E281BE8124E6CEE200A6A23E /* Debug */,
				E281BE8224E6CEE200A6A23E /* Release */,
			);
			defaultConfigurationIsVisible = 0;
			defaultConfigurationName = Release;
		};
/* End XCConfigurationList section */
	};
	rootObject = E281BE5624E6CEDF00A6A23E /* Project object */;
}
